// !$*UTF8*$!
{
	archiveVersion = 1;
	classes = {
	};
	objectVersion = 46;
	objects = {

/* Begin PBXBuildFile section */
		3FD90BBC160A027C0033326C /* InfoPlist.strings in Resources */ = {isa = PBXBuildFile; fileRef = 3FD90BBA160A027C0033326C /* InfoPlist.strings */; };
		3FD90BCE160A05DA0033326C /* Kal.bundle in Resources */ = {isa = PBXBuildFile; fileRef = 3F7D24D2155AC06500308A05 /* Kal.bundle */; };
		3FD90BCF160A05F80033326C /* Kal.h in Headers */ = {isa = PBXBuildFile; fileRef = 3F7D244A155AB9DB00308A05 /* Kal.h */; settings = {ATTRIBUTES = (Public, ); }; };
		3FD90BD0160A05F80033326C /* KalDataSource.h in Headers */ = {isa = PBXBuildFile; fileRef = 3F7D244B155AB9DB00308A05 /* KalDataSource.h */; settings = {ATTRIBUTES = (Public, ); }; };
		3FD90BD1160A05F80033326C /* KalView.h in Headers */ = {isa = PBXBuildFile; fileRef = 3F7D2458155AB9DB00308A05 /* KalView.h */; settings = {ATTRIBUTES = (Public, ); }; };
		3FD90BD2160A05F80033326C /* KalViewController.h in Headers */ = {isa = PBXBuildFile; fileRef = 3F7D245A155AB9DB00308A05 /* KalViewController.h */; settings = {ATTRIBUTES = (Public, ); }; };
		3FD90BD4160A060F0033326C /* KalDate.h in Headers */ = {isa = PBXBuildFile; fileRef = 3F7D244D155AB9DB00308A05 /* KalDate.h */; };
		3FD90BD6160A060F0033326C /* KalGridView.h in Headers */ = {isa = PBXBuildFile; fileRef = 3F7D244F155AB9DB00308A05 /* KalGridView.h */; };
		3FD90BD8160A060F0033326C /* KalLogic.h in Headers */ = {isa = PBXBuildFile; fileRef = 3F7D2451155AB9DB00308A05 /* KalLogic.h */; };
		3FD90BDA160A060F0033326C /* KalMonthView.h in Headers */ = {isa = PBXBuildFile; fileRef = 3F7D2453155AB9DB00308A05 /* KalMonthView.h */; };
		3FD90BDC160A060F0033326C /* KalPrivate.h in Headers */ = {isa = PBXBuildFile; fileRef = 3F7D2455155AB9DB00308A05 /* KalPrivate.h */; };
		3FD90BDD160A060F0033326C /* KalTileView.h in Headers */ = {isa = PBXBuildFile; fileRef = 3F7D2456155AB9DB00308A05 /* KalTileView.h */; };
		3FD90BE1160A060F0033326C /* NSDateAdditions.h in Headers */ = {isa = PBXBuildFile; fileRef = 3F7D245C155AB9DB00308A05 /* NSDateAdditions.h */; };
		3FD90BE3160A060F0033326C /* UIViewAdditions.h in Headers */ = {isa = PBXBuildFile; fileRef = 3F7D245E155AB9DB00308A05 /* UIViewAdditions.h */; };
		3FD90BE5160A062A0033326C /* Foundation.framework in Frameworks */ = {isa = PBXBuildFile; fileRef = 3F7D243A155AB9A900308A05 /* Foundation.framework */; };
		3FD90BE8160A06330033326C /* KalDataSource.m in Sources */ = {isa = PBXBuildFile; fileRef = 3F7D244C155AB9DB00308A05 /* KalDataSource.m */; };
		3FD90BEA160A06330033326C /* KalDate.m in Sources */ = {isa = PBXBuildFile; fileRef = 3F7D244E155AB9DB00308A05 /* KalDate.m */; };
		3FD90BEC160A06330033326C /* KalGridView.m in Sources */ = {isa = PBXBuildFile; fileRef = 3F7D2450155AB9DB00308A05 /* KalGridView.m */; };
		3FD90BEE160A06330033326C /* KalLogic.m in Sources */ = {isa = PBXBuildFile; fileRef = 3F7D2452155AB9DB00308A05 /* KalLogic.m */; };
		3FD90BF0160A06330033326C /* KalMonthView.m in Sources */ = {isa = PBXBuildFile; fileRef = 3F7D2454155AB9DB00308A05 /* KalMonthView.m */; };
		3FD90BF3160A06330033326C /* KalTileView.m in Sources */ = {isa = PBXBuildFile; fileRef = 3F7D2457155AB9DB00308A05 /* KalTileView.m */; };
		3FD90BF5160A06330033326C /* KalView.m in Sources */ = {isa = PBXBuildFile; fileRef = 3F7D2459155AB9DB00308A05 /* KalView.m */; };
		3FD90BF7160A06330033326C /* KalViewController.m in Sources */ = {isa = PBXBuildFile; fileRef = 3F7D245B155AB9DB00308A05 /* KalViewController.m */; };
		3FD90BF9160A06330033326C /* NSDateAdditions.m in Sources */ = {isa = PBXBuildFile; fileRef = 3F7D245D155AB9DB00308A05 /* NSDateAdditions.m */; };
		3FD90BFB160A06330033326C /* UIViewAdditions.m in Sources */ = {isa = PBXBuildFile; fileRef = 3F7D245F155AB9DB00308A05 /* UIViewAdditions.m */; };
/* End PBXBuildFile section */

/* Begin PBXFileReference section */
		3F7D243A155AB9A900308A05 /* Foundation.framework */ = {isa = PBXFileReference; lastKnownFileType = wrapper.framework; name = Foundation.framework; path = System/Library/Frameworks/Foundation.framework; sourceTree = SDKROOT; };
		3F7D243E155AB9A900308A05 /* Kal-Info.plist */ = {isa = PBXFileReference; lastKnownFileType = text.plist.xml; path = "Kal-Info.plist"; sourceTree = "<group>"; };
		3F7D2440155AB9A900308A05 /* en */ = {isa = PBXFileReference; lastKnownFileType = text.plist.strings; name = en; path = en.lproj/InfoPlist.strings; sourceTree = "<group>"; };
		3F7D2442155AB9A900308A05 /* Kal-Prefix.pch */ = {isa = PBXFileReference; lastKnownFileType = sourcecode.c.h; path = "Kal-Prefix.pch"; sourceTree = "<group>"; };
		3F7D244A155AB9DB00308A05 /* Kal.h */ = {isa = PBXFileReference; fileEncoding = 4; lastKnownFileType = sourcecode.c.h; path = Kal.h; sourceTree = "<group>"; };
		3F7D244B155AB9DB00308A05 /* KalDataSource.h */ = {isa = PBXFileReference; fileEncoding = 4; lastKnownFileType = sourcecode.c.h; path = KalDataSource.h; sourceTree = "<group>"; };
		3F7D244C155AB9DB00308A05 /* KalDataSource.m */ = {isa = PBXFileReference; fileEncoding = 4; lastKnownFileType = sourcecode.c.objc; path = KalDataSource.m; sourceTree = "<group>"; };
		3F7D244D155AB9DB00308A05 /* KalDate.h */ = {isa = PBXFileReference; fileEncoding = 4; lastKnownFileType = sourcecode.c.h; path = KalDate.h; sourceTree = "<group>"; };
		3F7D244E155AB9DB00308A05 /* KalDate.m */ = {isa = PBXFileReference; fileEncoding = 4; lastKnownFileType = sourcecode.c.objc; path = KalDate.m; sourceTree = "<group>"; };
		3F7D244F155AB9DB00308A05 /* KalGridView.h */ = {isa = PBXFileReference; fileEncoding = 4; lastKnownFileType = sourcecode.c.h; path = KalGridView.h; sourceTree = "<group>"; };
		3F7D2450155AB9DB00308A05 /* KalGridView.m */ = {isa = PBXFileReference; fileEncoding = 4; lastKnownFileType = sourcecode.c.objc; path = KalGridView.m; sourceTree = "<group>"; };
		3F7D2451155AB9DB00308A05 /* KalLogic.h */ = {isa = PBXFileReference; fileEncoding = 4; lastKnownFileType = sourcecode.c.h; path = KalLogic.h; sourceTree = "<group>"; };
		3F7D2452155AB9DB00308A05 /* KalLogic.m */ = {isa = PBXFileReference; fileEncoding = 4; lastKnownFileType = sourcecode.c.objc; path = KalLogic.m; sourceTree = "<group>"; };
		3F7D2453155AB9DB00308A05 /* KalMonthView.h */ = {isa = PBXFileReference; fileEncoding = 4; lastKnownFileType = sourcecode.c.h; path = KalMonthView.h; sourceTree = "<group>"; };
		3F7D2454155AB9DB00308A05 /* KalMonthView.m */ = {isa = PBXFileReference; fileEncoding = 4; lastKnownFileType = sourcecode.c.objc; path = KalMonthView.m; sourceTree = "<group>"; };
		3F7D2455155AB9DB00308A05 /* KalPrivate.h */ = {isa = PBXFileReference; fileEncoding = 4; lastKnownFileType = sourcecode.c.h; path = KalPrivate.h; sourceTree = "<group>"; };
		3F7D2456155AB9DB00308A05 /* KalTileView.h */ = {isa = PBXFileReference; fileEncoding = 4; lastKnownFileType = sourcecode.c.h; path = KalTileView.h; sourceTree = "<group>"; };
		3F7D2457155AB9DB00308A05 /* KalTileView.m */ = {isa = PBXFileReference; fileEncoding = 4; lastKnownFileType = sourcecode.c.objc; path = KalTileView.m; sourceTree = "<group>"; };
		3F7D2458155AB9DB00308A05 /* KalView.h */ = {isa = PBXFileReference; fileEncoding = 4; lastKnownFileType = sourcecode.c.h; path = KalView.h; sourceTree = "<group>"; };
		3F7D2459155AB9DB00308A05 /* KalView.m */ = {isa = PBXFileReference; fileEncoding = 4; lastKnownFileType = sourcecode.c.objc; path = KalView.m; sourceTree = "<group>"; };
		3F7D245A155AB9DB00308A05 /* KalViewController.h */ = {isa = PBXFileReference; fileEncoding = 4; lastKnownFileType = sourcecode.c.h; path = KalViewController.h; sourceTree = "<group>"; };
		3F7D245B155AB9DB00308A05 /* KalViewController.m */ = {isa = PBXFileReference; fileEncoding = 4; lastKnownFileType = sourcecode.c.objc; path = KalViewController.m; sourceTree = "<group>"; };
		3F7D245C155AB9DB00308A05 /* NSDateAdditions.h */ = {isa = PBXFileReference; fileEncoding = 4; lastKnownFileType = sourcecode.c.h; path = NSDateAdditions.h; sourceTree = "<group>"; };
		3F7D245D155AB9DB00308A05 /* NSDateAdditions.m */ = {isa = PBXFileReference; fileEncoding = 4; lastKnownFileType = sourcecode.c.objc; path = NSDateAdditions.m; sourceTree = "<group>"; };
		3F7D245E155AB9DB00308A05 /* UIViewAdditions.h */ = {isa = PBXFileReference; fileEncoding = 4; lastKnownFileType = sourcecode.c.h; path = UIViewAdditions.h; sourceTree = "<group>"; };
		3F7D245F155AB9DB00308A05 /* UIViewAdditions.m */ = {isa = PBXFileReference; fileEncoding = 4; lastKnownFileType = sourcecode.c.objc; path = UIViewAdditions.m; sourceTree = "<group>"; };
		3F7D24D2155AC06500308A05 /* Kal.bundle */ = {isa = PBXFileReference; lastKnownFileType = "wrapper.plug-in"; path = Kal.bundle; sourceTree = "<group>"; };
		3FD90BB6160A027C0033326C /* Kal.framework */ = {isa = PBXFileReference; explicitFileType = wrapper.cfbundle; includeInIndex = 0; path = Kal.framework; sourceTree = BUILT_PRODUCTS_DIR; };
		3FD90BB9160A027C0033326C /* KalFramework-Info.plist */ = {isa = PBXFileReference; lastKnownFileType = text.plist.xml; path = "KalFramework-Info.plist"; sourceTree = "<group>"; };
		3FD90BBB160A027C0033326C /* en */ = {isa = PBXFileReference; lastKnownFileType = text.plist.strings; name = en; path = en.lproj/InfoPlist.strings; sourceTree = "<group>"; };
		3FD90BBD160A027C0033326C /* KalFramework-Prefix.pch */ = {isa = PBXFileReference; lastKnownFileType = sourcecode.c.h; path = "KalFramework-Prefix.pch"; sourceTree = "<group>"; };
/* End PBXFileReference section */

/* Begin PBXFrameworksBuildPhase section */
		3FD90BB0160A027C0033326C /* Frameworks */ = {
			isa = PBXFrameworksBuildPhase;
			buildActionMask = 2147483647;
			files = (
				3FD90BE5160A062A0033326C /* Foundation.framework in Frameworks */,
			);
			runOnlyForDeploymentPostprocessing = 0;
		};
/* End PBXFrameworksBuildPhase section */

/* Begin PBXGroup section */
		3F7D2428155AB9A900308A05 = {
			isa = PBXGroup;
			children = (
				3F7D24D2155AC06500308A05 /* Kal.bundle */,
				3F7D243C155AB9A900308A05 /* Kal */,
				3FD90BB7160A027C0033326C /* KalFramework */,
				3F7D2439155AB9A900308A05 /* Frameworks */,
				3F7D2438155AB9A900308A05 /* Products */,
			);
			sourceTree = "<group>";
		};
		3F7D2438155AB9A900308A05 /* Products */ = {
			isa = PBXGroup;
			children = (
				3FD90BB6160A027C0033326C /* Kal.framework */,
			);
			name = Products;
			sourceTree = "<group>";
		};
		3F7D2439155AB9A900308A05 /* Frameworks */ = {
			isa = PBXGroup;
			children = (
				3F7D243A155AB9A900308A05 /* Foundation.framework */,
			);
			name = Frameworks;
			sourceTree = "<group>";
		};
		3F7D243C155AB9A900308A05 /* Kal */ = {
			isa = PBXGroup;
			children = (
				3F7D244A155AB9DB00308A05 /* Kal.h */,
				3F7D244B155AB9DB00308A05 /* KalDataSource.h */,
				3F7D244C155AB9DB00308A05 /* KalDataSource.m */,
				3F7D244D155AB9DB00308A05 /* KalDate.h */,
				3F7D244E155AB9DB00308A05 /* KalDate.m */,
				3F7D244F155AB9DB00308A05 /* KalGridView.h */,
				3F7D2450155AB9DB00308A05 /* KalGridView.m */,
				3F7D2451155AB9DB00308A05 /* KalLogic.h */,
				3F7D2452155AB9DB00308A05 /* KalLogic.m */,
				3F7D2453155AB9DB00308A05 /* KalMonthView.h */,
				3F7D2454155AB9DB00308A05 /* KalMonthView.m */,
				3F7D2455155AB9DB00308A05 /* KalPrivate.h */,
				3F7D2456155AB9DB00308A05 /* KalTileView.h */,
				3F7D2457155AB9DB00308A05 /* KalTileView.m */,
				3F7D2458155AB9DB00308A05 /* KalView.h */,
				3F7D2459155AB9DB00308A05 /* KalView.m */,
				3F7D245A155AB9DB00308A05 /* KalViewController.h */,
				3F7D245B155AB9DB00308A05 /* KalViewController.m */,
				3F7D245C155AB9DB00308A05 /* NSDateAdditions.h */,
				3F7D245D155AB9DB00308A05 /* NSDateAdditions.m */,
				3F7D245E155AB9DB00308A05 /* UIViewAdditions.h */,
				3F7D245F155AB9DB00308A05 /* UIViewAdditions.m */,
				3F7D243D155AB9A900308A05 /* Supporting Files */,
			);
			path = Kal;
			sourceTree = "<group>";
		};
		3F7D243D155AB9A900308A05 /* Supporting Files */ = {
			isa = PBXGroup;
			children = (
				3F7D243E155AB9A900308A05 /* Kal-Info.plist */,
				3F7D243F155AB9A900308A05 /* InfoPlist.strings */,
				3F7D2442155AB9A900308A05 /* Kal-Prefix.pch */,
			);
			name = "Supporting Files";
			sourceTree = "<group>";
		};
		3FD90BB7160A027C0033326C /* KalFramework */ = {
			isa = PBXGroup;
			children = (
				3FD90BB8160A027C0033326C /* Supporting Files */,
			);
			path = KalFramework;
			sourceTree = "<group>";
		};
		3FD90BB8160A027C0033326C /* Supporting Files */ = {
			isa = PBXGroup;
			children = (
				3FD90BB9160A027C0033326C /* KalFramework-Info.plist */,
				3FD90BBA160A027C0033326C /* InfoPlist.strings */,
				3FD90BBD160A027C0033326C /* KalFramework-Prefix.pch */,
			);
			name = "Supporting Files";
			sourceTree = "<group>";
		};
/* End PBXGroup section */

/* Begin PBXHeadersBuildPhase section */
		3FD90BB1160A027C0033326C /* Headers */ = {
			isa = PBXHeadersBuildPhase;
			buildActionMask = 2147483647;
			files = (
				3FD90BCF160A05F80033326C /* Kal.h in Headers */,
				3FD90BD0160A05F80033326C /* KalDataSource.h in Headers */,
				3FD90BD1160A05F80033326C /* KalView.h in Headers */,
				3FD90BD2160A05F80033326C /* KalViewController.h in Headers */,
				3FD90BD4160A060F0033326C /* KalDate.h in Headers */,
				3FD90BD6160A060F0033326C /* KalGridView.h in Headers */,
				3FD90BD8160A060F0033326C /* KalLogic.h in Headers */,
				3FD90BDA160A060F0033326C /* KalMonthView.h in Headers */,
				3FD90BDC160A060F0033326C /* KalPrivate.h in Headers */,
				3FD90BDD160A060F0033326C /* KalTileView.h in Headers */,
				3FD90BE1160A060F0033326C /* NSDateAdditions.h in Headers */,
				3FD90BE3160A060F0033326C /* UIViewAdditions.h in Headers */,
			);
			runOnlyForDeploymentPostprocessing = 0;
		};
/* End PBXHeadersBuildPhase section */

/* Begin PBXNativeTarget section */
		3FD90BB5160A027C0033326C /* Kal */ = {
			isa = PBXNativeTarget;
			buildConfigurationList = 3FD90BC0160A027C0033326C /* Build configuration list for PBXNativeTarget "Kal" */;
			buildPhases = (
				3FD90BAE160A027C0033326C /* ShellScript */,
				3FD90BAF160A027C0033326C /* Sources */,
				3FD90BB0160A027C0033326C /* Frameworks */,
				3FD90BB1160A027C0033326C /* Headers */,
				3FD90BB2160A027C0033326C /* Resources */,
				3FD90BB3160A027C0033326C /* ShellScript */,
				3FD90BB4160A027C0033326C /* ShellScript */,
			);
			buildRules = (
			);
			dependencies = (
			);
			name = Kal;
			productName = KalFramework;
			productReference = 3FD90BB6160A027C0033326C /* Kal.framework */;
			productType = "com.apple.product-type.bundle";
		};
/* End PBXNativeTarget section */

/* Begin PBXProject section */
		3F7D242A155AB9A900308A05 /* Project object */ = {
			isa = PBXProject;
			attributes = {
				LastUpgradeCheck = 0440;
				ORGANIZATIONNAME = "Southern Company";
			};
			buildConfigurationList = 3F7D242D155AB9A900308A05 /* Build configuration list for PBXProject "Kal" */;
			compatibilityVersion = "Xcode 3.2";
			developmentRegion = English;
			hasScannedForEncodings = 0;
			knownRegions = (
				en,
			);
			mainGroup = 3F7D2428155AB9A900308A05;
			productRefGroup = 3F7D2438155AB9A900308A05 /* Products */;
			projectDirPath = "";
			projectRoot = "";
			targets = (
				3FD90BB5160A027C0033326C /* Kal */,
			);
		};
/* End PBXProject section */

/* Begin PBXResourcesBuildPhase section */
		3FD90BB2160A027C0033326C /* Resources */ = {
			isa = PBXResourcesBuildPhase;
			buildActionMask = 2147483647;
			files = (
				3FD90BBC160A027C0033326C /* InfoPlist.strings in Resources */,
				3FD90BCE160A05DA0033326C /* Kal.bundle in Resources */,
			);
			runOnlyForDeploymentPostprocessing = 0;
		};
/* End PBXResourcesBuildPhase section */

/* Begin PBXShellScriptBuildPhase section */
		3FD90BAE160A027C0033326C /* ShellScript */ = {
			isa = PBXShellScriptBuildPhase;
			buildActionMask = 2147483647;
			files = (
			);
			inputPaths = (
			);
			outputPaths = (
			);
			runOnlyForDeploymentPostprocessing = 0;
			shellPath = /bin/sh;
			shellScript = "set -e\n\nset +u\nif [[ $UFW_MASTER_SCRIPT_RUNNING ]]\nthen\n    # Nothing for the slave script to do\n    exit 0\nfi\nset -u\n\nif [[ \"$SDK_NAME\" =~ ([A-Za-z]+) ]]\nthen\n    UFW_SDK_PLATFORM=${BASH_REMATCH[1]}\nelse\n    echo \"Could not find platform name from SDK_NAME: $SDK_NAME\"\n    exit 1\nfi\n\nif [[ \"$SDK_NAME\" =~ ([0-9]+.*$) ]]\nthen\n\tUFW_SDK_VERSION=${BASH_REMATCH[1]}\nelse\n    echo \"Could not find sdk version  from SDK_NAME: $SDK_NAME\"\n    exit 1\nfi\n\nif [[ \"$UFW_SDK_PLATFORM\" = \"iphoneos\" ]]\nthen\n    UFW_OTHER_PLATFORM=iphonesimulator\nelse\n    UFW_OTHER_PLATFORM=iphoneos\nfi\n\nif [[ \"$BUILT_PRODUCTS_DIR\" =~ (.*)$UFW_SDK_PLATFORM$ ]]\nthen\n    UFW_OTHER_BUILT_PRODUCTS_DIR=\"${BASH_REMATCH[1]}${UFW_OTHER_PLATFORM}\"\nelse\n    echo \"Could not find $UFW_SDK_PLATFORM in $BUILT_PRODUCTS_DIR\"\n    exit 1\nfi\n\n\n# Short-circuit if all binaries are up to date\n\nif [[ -f \"${BUILT_PRODUCTS_DIR}/${EXECUTABLE_PATH}\" ]] && \\\n   [[ -f \"${BUILT_PRODUCTS_DIR}/${PRODUCT_NAME}.embeddedframework/${EXECUTABLE_PATH}\" ]] && \\\n   [[ ! \"${BUILT_PRODUCTS_DIR}/${EXECUTABLE_PATH}\" -nt \"${BUILT_PRODUCTS_DIR}/${PRODUCT_NAME}.embeddedframework/${EXECUTABLE_PATH}\" ]]\n   [[ -f \"${UFW_OTHER_BUILT_PRODUCTS_DIR}/${EXECUTABLE_PATH}\" ]] && \\\n   [[ -f \"${UFW_OTHER_BUILT_PRODUCTS_DIR}/${PRODUCT_NAME}.embeddedframework/${EXECUTABLE_PATH}\" ]] && \\\n   [[ ! \"${UFW_OTHER_BUILT_PRODUCTS_DIR}/${EXECUTABLE_PATH}\" -nt \"${UFW_OTHER_BUILT_PRODUCTS_DIR}/${PRODUCT_NAME}.embeddedframework/${EXECUTABLE_PATH}\" ]]\nthen\n    exit 0\nfi\n\n\n# Clean other platform if needed\n\nif [[ ! -f \"${BUILT_PRODUCTS_DIR}/${EXECUTABLE_PATH}\" ]]\nthen\n\techo \"Platform \\\"$UFW_SDK_PLATFORM\\\" was cleaned recently. Cleaning \\\"$UFW_OTHER_PLATFORM\\\" as well\"\n\techo xcodebuild -project \"${PROJECT_FILE_PATH}\" -target \"${TARGET_NAME}\" -configuration \"${CONFIGURATION}\" -sdk ${UFW_OTHER_PLATFORM}${UFW_SDK_VERSION} BUILD_DIR=\"${BUILD_DIR}\" CONFIGURATION_TEMP_DIR=\"${PROJECT_TEMP_DIR}/${CONFIGURATION}-${UFW_OTHER_PLATFORM}\" clean\n\txcodebuild -project \"${PROJECT_FILE_PATH}\" -target \"${TARGET_NAME}\" -configuration \"${CONFIGURATION}\" -sdk ${UFW_OTHER_PLATFORM}${UFW_SDK_VERSION} BUILD_DIR=\"${BUILD_DIR}\" CONFIGURATION_TEMP_DIR=\"${PROJECT_TEMP_DIR}/${CONFIGURATION}-${UFW_OTHER_PLATFORM}\" clean\nfi\n\n\n# Make sure we are building from fresh binaries\n\nrm -rf \"${BUILT_PRODUCTS_DIR}/${EXECUTABLE_PATH}\"\nrm -rf \"${BUILT_PRODUCTS_DIR}/${PRODUCT_NAME}.embeddedframework\"\nrm -rf \"${UFW_OTHER_BUILT_PRODUCTS_DIR}/${EXECUTABLE_PATH}\"\nrm -rf \"${UFW_OTHER_BUILT_PRODUCTS_DIR}/${PRODUCT_NAME}.embeddedframework\"\n";
		};
		3FD90BB3160A027C0033326C /* ShellScript */ = {
			isa = PBXShellScriptBuildPhase;
			buildActionMask = 2147483647;
			files = (
			);
			inputPaths = (
			);
			outputPaths = (
			);
			runOnlyForDeploymentPostprocessing = 0;
			shellPath = /bin/sh;
			shellScript = "HEADERS_ROOT=$SRCROOT/$PRODUCT_NAME\nFRAMEWORK_HEADERS_DIR=\"$BUILT_PRODUCTS_DIR/$WRAPPER_NAME/Versions/$FRAMEWORK_VERSION/Headers\"\n\n## only header files expected at this point\nPUBLIC_HEADERS=$(find $FRAMEWORK_HEADERS_DIR/. -not -type d 2> /dev/null | sed -e \"s@.*/@@g\")\n\nFIND_OPTS=\"\"\nfor PUBLIC_HEADER in $PUBLIC_HEADERS; do\n  if [ -n \"$FIND_OPTS\" ]; then\n    FIND_OPTS=\"$FIND_OPTS -o\"\n  fi\n  FIND_OPTS=\"$FIND_OPTS -name '$PUBLIC_HEADER'\"\ndone\n\nif [ -n \"$FIND_OPTS\" ]; then\n  for ORIG_HEADER in $(eval \"find $HEADERS_ROOT/. $FIND_OPTS\" 2> /dev/null | sed -e \"s@^$HEADERS_ROOT/./@@g\"); do\n    PUBLIC_HEADER=$(basename $ORIG_HEADER)\n    RELATIVE_PATH=$(dirname $ORIG_HEADER)\n    if [ -e $FRAMEWORK_HEADERS_DIR/$PUBLIC_HEADER ]; then\n      mkdir -p \"$FRAMEWORK_HEADERS_DIR/$RELATIVE_PATH\"\n      mv \"$FRAMEWORK_HEADERS_DIR/$PUBLIC_HEADER\" \"$FRAMEWORK_HEADERS_DIR/$RELATIVE_PATH/$PUBLIC_HEADER\"\n    fi\n  done\nfi\n";
		};
		3FD90BB4160A027C0033326C /* ShellScript */ = {
			isa = PBXShellScriptBuildPhase;
			buildActionMask = 2147483647;
			files = (
			);
			inputPaths = (
			);
			outputPaths = (
			);
			runOnlyForDeploymentPostprocessing = 0;
			shellPath = /bin/sh;
			shellScript = "set -e\n\nset +u\nif [[ $UFW_MASTER_SCRIPT_RUNNING ]]\nthen\n    # Nothing for the slave script to do\n    exit 0\nfi\nset -u\nexport UFW_MASTER_SCRIPT_RUNNING=1\n\n\n# Functions\n\n## List files in the specified directory, storing to the specified array.\n#\n# @param $1 The path to list\n# @param $2 The name of the array to fill\n#\n##\nlist_files ()\n{\n    filelist=$(ls \"$1\")\n    while read line\n    do\n        eval \"$2[\\${#$2[*]}]=\\\"\\$line\\\"\"\n    done <<< \"$filelist\"\n}\n\n\n# Sanity check\n\nif [[ ! -f \"${BUILT_PRODUCTS_DIR}/${EXECUTABLE_PATH}\" ]]\nthen\n    echo \"Framework target \\\"${TARGET_NAME}\\\" had no source files to build from. Make sure your source files have the correct target membership\"\n    exit 1\nfi\n\n\n# Gather information\n\nif [[ \"$SDK_NAME\" =~ ([A-Za-z]+) ]]\nthen\n    UFW_SDK_PLATFORM=${BASH_REMATCH[1]}\nelse\n    echo \"Could not find platform name from SDK_NAME: $SDK_NAME\"\n    exit 1\nfi\n\nif [[ \"$SDK_NAME\" =~ ([0-9]+.*$) ]]\nthen\n    UFW_SDK_VERSION=${BASH_REMATCH[1]}\nelse\n    echo \"Could not find sdk version from SDK_NAME: $SDK_NAME\"\n    exit 1\nfi\n\nif [[ \"$UFW_SDK_PLATFORM\" = \"iphoneos\" ]]\nthen\n    UFW_OTHER_PLATFORM=iphonesimulator\nelse\n    UFW_OTHER_PLATFORM=iphoneos\nfi\n\nif [[ \"$BUILT_PRODUCTS_DIR\" =~ (.*)$UFW_SDK_PLATFORM$ ]]\nthen\n    UFW_OTHER_BUILT_PRODUCTS_DIR=\"${BASH_REMATCH[1]}${UFW_OTHER_PLATFORM}\"\nelse\n    echo \"Could not find $UFW_SDK_PLATFORM in $BUILT_PRODUCTS_DIR\"\n    exit 1\nfi\n\n\n# Short-circuit if all binaries are up to date.\n# We already checked the other platform in the prerun script.\n\nif [[ -f \"${BUILT_PRODUCTS_DIR}/${EXECUTABLE_PATH}\" ]] && [[ -f \"${BUILT_PRODUCTS_DIR}/${PRODUCT_NAME}.embeddedframework/${EXECUTABLE_PATH}\" ]] && [[ ! \"${BUILT_PRODUCTS_DIR}/${EXECUTABLE_PATH}\" -nt \"${BUILT_PRODUCTS_DIR}/${PRODUCT_NAME}.embeddedframework/${EXECUTABLE_PATH}\" ]]\nthen\n    exit 0\nfi\n\n\n# Make sure the other platform gets built\n\necho \"Build other platform\"\n\necho xcodebuild -project \"${PROJECT_FILE_PATH}\" -target \"${TARGET_NAME}\" -configuration \"${CONFIGURATION}\" -sdk ${UFW_OTHER_PLATFORM}${UFW_SDK_VERSION} BUILD_DIR=\"${BUILD_DIR}\" CONFIGURATION_TEMP_DIR=\"${PROJECT_TEMP_DIR}/${CONFIGURATION}-${UFW_OTHER_PLATFORM}\" $ACTION\nxcodebuild -project \"${PROJECT_FILE_PATH}\" -target \"${TARGET_NAME}\" -configuration \"${CONFIGURATION}\" -sdk ${UFW_OTHER_PLATFORM}${UFW_SDK_VERSION} BUILD_DIR=\"${BUILD_DIR}\" CONFIGURATION_TEMP_DIR=\"${PROJECT_TEMP_DIR}/${CONFIGURATION}-${UFW_OTHER_PLATFORM}\" $ACTION\n\n\n# Build the fat static library binary\n\necho \"Create universal static library\"\n\necho \"$PLATFORM_DEVELOPER_BIN_DIR/libtool\" -static \"${BUILT_PRODUCTS_DIR}/${EXECUTABLE_PATH}\" \"${UFW_OTHER_BUILT_PRODUCTS_DIR}/${EXECUTABLE_PATH}\" -o \"${BUILT_PRODUCTS_DIR}/${EXECUTABLE_PATH}.temp\"\n\"$PLATFORM_DEVELOPER_BIN_DIR/libtool\" -static \"${BUILT_PRODUCTS_DIR}/${EXECUTABLE_PATH}\" \"${UFW_OTHER_BUILT_PRODUCTS_DIR}/${EXECUTABLE_PATH}\" -o \"${BUILT_PRODUCTS_DIR}/${EXECUTABLE_PATH}.temp\"\n\necho mv \"${BUILT_PRODUCTS_DIR}/${EXECUTABLE_PATH}.temp\" \"${BUILT_PRODUCTS_DIR}/${EXECUTABLE_PATH}\"\nmv \"${BUILT_PRODUCTS_DIR}/${EXECUTABLE_PATH}.temp\" \"${BUILT_PRODUCTS_DIR}/${EXECUTABLE_PATH}\"\n\n\n# Build framework structure\n\necho \"Build symlinks\"\n\necho ln -sfh A \"${BUILT_PRODUCTS_DIR}/${WRAPPER_NAME}/Versions/Current\"\nln -sfh A \"${BUILT_PRODUCTS_DIR}/${WRAPPER_NAME}/Versions/Current\"\necho ln -sfh Versions/Current/Headers \"${BUILT_PRODUCTS_DIR}/${WRAPPER_NAME}/Headers\"\nln -sfh Versions/Current/Headers \"${BUILT_PRODUCTS_DIR}/${WRAPPER_NAME}/Headers\"\necho ln -sfh Versions/Current/Resources \"${BUILT_PRODUCTS_DIR}/${WRAPPER_NAME}/Resources\"\nln -sfh Versions/Current/Resources \"${BUILT_PRODUCTS_DIR}/${WRAPPER_NAME}/Resources\"\necho ln -sfh \"Versions/Current/${EXECUTABLE_NAME}\" \"${BUILT_PRODUCTS_DIR}/${WRAPPER_NAME}/${EXECUTABLE_NAME}\"\nln -sfh \"Versions/Current/${EXECUTABLE_NAME}\" \"${BUILT_PRODUCTS_DIR}/${WRAPPER_NAME}/${EXECUTABLE_NAME}\"\n\n\n# Link to binary for unit tests\n\nmkdir -p \"${BUILT_PRODUCTS_DIR}/.fake_fw_testing.framework\"\nln -sfh \"../${WRAPPER_NAME}/${EXECUTABLE_NAME}\" \"${BUILT_PRODUCTS_DIR}/.fake_fw_testing.framework/.fake_fw_testing\"\n\n\n# Build embedded framework structure\n\necho \"Build Embedded Framework\"\n\necho rm -rf \"${BUILT_PRODUCTS_DIR}/${PRODUCT_NAME}.embeddedframework\"\nrm -rf \"${BUILT_PRODUCTS_DIR}/${PRODUCT_NAME}.embeddedframework\"\necho mkdir -p \"${BUILT_PRODUCTS_DIR}/${PRODUCT_NAME}.embeddedframework/Resources\"\nmkdir -p \"${BUILT_PRODUCTS_DIR}/${PRODUCT_NAME}.embeddedframework/Resources\"\necho cp -a \"${BUILT_PRODUCTS_DIR}/${WRAPPER_NAME}\" \"${BUILT_PRODUCTS_DIR}/${PRODUCT_NAME}.embeddedframework/\"\ncp -a \"${BUILT_PRODUCTS_DIR}/${WRAPPER_NAME}\" \"${BUILT_PRODUCTS_DIR}/${PRODUCT_NAME}.embeddedframework/\"\n\ndeclare -a UFW_FILE_LIST\nlist_files \"${BUILT_PRODUCTS_DIR}/${UNLOCALIZED_RESOURCES_FOLDER_PATH}\" UFW_FILE_LIST\nfor filename in \"${UFW_FILE_LIST[@]}\"\ndo\n    if [[ \"${filename}\" != \"Info.plist\" ]] && [[ ! \"${filename}\" =~ .*\\.lproj$ ]]\n    then\n        echo ln -sfh \"../${WRAPPER_NAME}/Resources/${filename}\" \"${BUILT_PRODUCTS_DIR}/${PRODUCT_NAME}.embeddedframework/Resources/${filename}\"\n        ln -sfh \"../${WRAPPER_NAME}/Resources/${filename}\" \"${BUILT_PRODUCTS_DIR}/${PRODUCT_NAME}.embeddedframework/Resources/${filename}\"\n    fi\ndone\n\n\n# Replace other platform's framework with a copy of this one (so that both have the same universal binary)\n\necho \"Copy from $UFW_SDK_PLATFORM to $UFW_OTHER_PLATFORM\"\n\necho rm -rf \"${BUILD_DIR}/${CONFIGURATION}-${UFW_OTHER_PLATFORM}\"\nrm -rf \"${BUILD_DIR}/${CONFIGURATION}-${UFW_OTHER_PLATFORM}\"\necho cp -a \"${BUILD_DIR}/${CONFIGURATION}-${UFW_SDK_PLATFORM}\" \"${BUILD_DIR}/${CONFIGURATION}-${UFW_OTHER_PLATFORM}\"\ncp -a \"${BUILD_DIR}/${CONFIGURATION}-${UFW_SDK_PLATFORM}\" \"${BUILD_DIR}/${CONFIGURATION}-${UFW_OTHER_PLATFORM}\"\n";
		};
/* End PBXShellScriptBuildPhase section */

/* Begin PBXSourcesBuildPhase section */
		3FD90BAF160A027C0033326C /* Sources */ = {
			isa = PBXSourcesBuildPhase;
			buildActionMask = 2147483647;
			files = (
				3FD90BE8160A06330033326C /* KalDataSource.m in Sources */,
				3FD90BEA160A06330033326C /* KalDate.m in Sources */,
				3FD90BEC160A06330033326C /* KalGridView.m in Sources */,
				3FD90BEE160A06330033326C /* KalLogic.m in Sources */,
				3FD90BF0160A06330033326C /* KalMonthView.m in Sources */,
				3FD90BF3160A06330033326C /* KalTileView.m in Sources */,
				3FD90BF5160A06330033326C /* KalView.m in Sources */,
				3FD90BF7160A06330033326C /* KalViewController.m in Sources */,
				3FD90BF9160A06330033326C /* NSDateAdditions.m in Sources */,
				3FD90BFB160A06330033326C /* UIViewAdditions.m in Sources */,
			);
			runOnlyForDeploymentPostprocessing = 0;
		};
/* End PBXSourcesBuildPhase section */

/* Begin PBXVariantGroup section */
		3F7D243F155AB9A900308A05 /* InfoPlist.strings */ = {
			isa = PBXVariantGroup;
			children = (
				3F7D2440155AB9A900308A05 /* en */,
			);
			name = InfoPlist.strings;
			sourceTree = "<group>";
		};
		3FD90BBA160A027C0033326C /* InfoPlist.strings */ = {
			isa = PBXVariantGroup;
			children = (
				3FD90BBB160A027C0033326C /* en */,
			);
			name = InfoPlist.strings;
			sourceTree = "<group>";
		};
/* End PBXVariantGroup section */

/* Begin XCBuildConfiguration section */
		3F7D2443155AB9A900308A05 /* Debug */ = {
			isa = XCBuildConfiguration;
			buildSettings = {
				ALWAYS_SEARCH_USER_PATHS = NO;
				ARCHS = "$(ARCHS_STANDARD_32_BIT)";
				CLANG_ENABLE_OBJC_ARC = YES;
				COPY_PHASE_STRIP = NO;
				GCC_C_LANGUAGE_STANDARD = gnu99;
				GCC_DYNAMIC_NO_PIC = NO;
				GCC_OPTIMIZATION_LEVEL = 0;
				GCC_PREPROCESSOR_DEFINITIONS = (
					"DEBUG=1",
					"$(inherited)",
				);
				GCC_SYMBOLS_PRIVATE_EXTERN = NO;
				GCC_VERSION = com.apple.compilers.llvm.clang.1_0;
				GCC_WARN_ABOUT_MISSING_PROTOTYPES = YES;
				GCC_WARN_ABOUT_RETURN_TYPE = YES;
				GCC_WARN_UNUSED_VARIABLE = YES;
				IPHONEOS_DEPLOYMENT_TARGET = 5.0;
				SDKROOT = iphoneos;
			};
			name = Debug;
		};
		3F7D2444155AB9A900308A05 /* Release */ = {
			isa = XCBuildConfiguration;
			buildSettings = {
				ALWAYS_SEARCH_USER_PATHS = NO;
				ARCHS = "$(ARCHS_STANDARD_32_BIT)";
				CLANG_ENABLE_OBJC_ARC = YES;
				COPY_PHASE_STRIP = YES;
				GCC_C_LANGUAGE_STANDARD = gnu99;
				GCC_VERSION = com.apple.compilers.llvm.clang.1_0;
				GCC_WARN_ABOUT_MISSING_PROTOTYPES = YES;
				GCC_WARN_ABOUT_RETURN_TYPE = YES;
				GCC_WARN_UNUSED_VARIABLE = YES;
				IPHONEOS_DEPLOYMENT_TARGET = 5.0;
				SDKROOT = iphoneos;
				VALIDATE_PRODUCT = YES;
			};
			name = Release;
		};
		3FD90BBE160A027C0033326C /* Debug */ = {
			isa = XCBuildConfiguration;
			buildSettings = {
				ARCHS = (
					armv6,
					"$(ARCHS_STANDARD_32_BIT)",
				);
				CLANG_CXX_LANGUAGE_STANDARD = "gnu++0x";
				CLANG_ENABLE_OBJC_ARC = NO;
				CLANG_WARN__DUPLICATE_METHOD_MATCH = YES;
				CONTENTS_FOLDER_PATH = "$(WRAPPER_NAME)/Versions/$(FRAMEWORK_VERSION)";
				DEAD_CODE_STRIPPING = NO;
				DYLIB_COMPATIBILITY_VERSION = 1;
				DYLIB_CURRENT_VERSION = 1;
				FRAMEWORK_VERSION = A;
				GCC_PRECOMPILE_PREFIX_HEADER = YES;
				GCC_PREFIX_HEADER = "KalFramework/KalFramework-Prefix.pch";
				GCC_THUMB_SUPPORT = NO;
				GCC_WARN_UNINITIALIZED_AUTOS = YES;
				INFOPLIST_FILE = "KalFramework/KalFramework-Info.plist";
				INFOPLIST_PATH = "$(UNLOCALIZED_RESOURCES_FOLDER_PATH)/Info.plist";
				INSTALL_PATH = "$(BUILT_PRODUCTS_DIR)";
				IPHONEOS_DEPLOYMENT_TARGET = 5.1;
				LINK_WITH_STANDARD_LIBRARIES = NO;
				MACH_O_TYPE = mh_object;
				PRODUCT_NAME = "$(TARGET_NAME)";
				SKIP_INSTALL = YES;
				UNLOCALIZED_RESOURCES_FOLDER_PATH = "$(CONTENTS_FOLDER_PATH)/Resources";
				WRAPPER_EXTENSION = framework;
			};
			name = Debug;
		};
		3FD90BBF160A027C0033326C /* Release */ = {
			isa = XCBuildConfiguration;
			buildSettings = {
				ARCHS = (
					armv6,
					"$(ARCHS_STANDARD_32_BIT)",
				);
				CLANG_CXX_LANGUAGE_STANDARD = "gnu++0x";
				CLANG_ENABLE_OBJC_ARC = NO;
				CLANG_WARN__DUPLICATE_METHOD_MATCH = YES;
				CONTENTS_FOLDER_PATH = "$(WRAPPER_NAME)/Versions/$(FRAMEWORK_VERSION)";
				DEAD_CODE_STRIPPING = NO;
				DYLIB_COMPATIBILITY_VERSION = 1;
				DYLIB_CURRENT_VERSION = 1;
				FRAMEWORK_VERSION = A;
				GCC_PRECOMPILE_PREFIX_HEADER = YES;
				GCC_PREFIX_HEADER = "KalFramework/KalFramework-Prefix.pch";
				GCC_THUMB_SUPPORT = NO;
				GCC_WARN_UNINITIALIZED_AUTOS = YES;
				INFOPLIST_FILE = "KalFramework/KalFramework-Info.plist";
				INFOPLIST_PATH = "$(UNLOCALIZED_RESOURCES_FOLDER_PATH)/Info.plist";
				INSTALL_PATH = "$(BUILT_PRODUCTS_DIR)";
				IPHONEOS_DEPLOYMENT_TARGET = 5.1;
				LINK_WITH_STANDARD_LIBRARIES = NO;
				MACH_O_TYPE = mh_object;
				PRODUCT_NAME = "$(TARGET_NAME)";
				SKIP_INSTALL = YES;
				UNLOCALIZED_RESOURCES_FOLDER_PATH = "$(CONTENTS_FOLDER_PATH)/Resources";
				WRAPPER_EXTENSION = framework;
			};
			name = Release;
		};
/* End XCBuildConfiguration section */

/* Begin XCConfigurationList section */
		3F7D242D155AB9A900308A05 /* Build configuration list for PBXProject "Kal" */ = {
			isa = XCConfigurationList;
			buildConfigurations = (
				3F7D2443155AB9A900308A05 /* Debug */,
				3F7D2444155AB9A900308A05 /* Release */,
			);
			defaultConfigurationIsVisible = 0;
			defaultConfigurationName = Release;
		};
		3FD90BC0160A027C0033326C /* Build configuration list for PBXNativeTarget "Kal" */ = {
			isa = XCConfigurationList;
			buildConfigurations = (
				3FD90BBE160A027C0033326C /* Debug */,
				3FD90BBF160A027C0033326C /* Release */,
			);
			defaultConfigurationIsVisible = 0;
			defaultConfigurationName = Release;
		};
/* End XCConfigurationList section */
	};
	rootObject = 3F7D242A155AB9A900308A05 /* Project object */;
}
